
Microsoft Visual Studio Solution File, Format Version 12.00
# Visual Studio Version 17
VisualStudioVersion = 17.0.31912.275
MinimumVisualStudioVersion = 10.0.40219.1
Project("{9A19103F-16F7-4668-BE54-9A1E7A4F7556}") = "PowerUtils.Geolocation.Tests", "tests\PowerUtils.Geolocation.Tests\PowerUtils.Geolocation.Tests.csproj", "{40F3CDAA-585D-4F1D-9424-1926400EDF72}"
EndProject
Project("{9A19103F-16F7-4668-BE54-9A1E7A4F7556}") = "PowerUtils.Geolocation", "src\PowerUtils.Geolocation.csproj", "{67B47AA4-5F1B-40A8-83CD-EEB411AACFE8}"
EndProject
Project("{2150E333-8FDC-42A3-9474-1A3956D46DE8}") = "1.src", "1.src", "{1A2AA11A-4926-4F24-8640-9BA95A2E7C5B}"
EndProject
Project("{2150E333-8FDC-42A3-9474-1A3956D46DE8}") = "2.tests", "2.tests", "{D4D983BE-ABCB-416F-BA97-5D7F9B68F946}"
EndProject
Global
	GlobalSection(SolutionConfigurationPlatforms) = preSolution
		Debug|Any CPU = Debug|Any CPU
		Debug|x64 = Debug|x64
		Debug|x86 = Debug|x86
		Release|Any CPU = Release|Any CPU
		Release|x64 = Release|x64
		Release|x86 = Release|x86
	EndGlobalSection
	GlobalSection(ProjectConfigurationPlatforms) = postSolution
		{40F3CDAA-585D-4F1D-9424-1926400EDF72}.Debug|Any CPU.ActiveCfg = Debug|Any CPU
		{40F3CDAA-585D-4F1D-9424-1926400EDF72}.Debug|Any CPU.Build.0 = Debug|Any CPU
		{40F3CDAA-585D-4F1D-9424-1926400EDF72}.Debug|x64.ActiveCfg = Debug|Any CPU
		{40F3CDAA-585D-4F1D-9424-1926400EDF72}.Debug|x64.Build.0 = Debug|Any CPU
		{40F3CDAA-585D-4F1D-9424-1926400EDF72}.Debug|x86.ActiveCfg = Debug|Any CPU
		{40F3CDAA-585D-4F1D-9424-1926400EDF72}.Debug|x86.Build.0 = Debug|Any CPU
		{40F3CDAA-585D-4F1D-9424-1926400EDF72}.Release|Any CPU.ActiveCfg = Release|Any CPU
		{40F3CDAA-585D-4F1D-9424-1926400EDF72}.Release|Any CPU.Build.0 = Release|Any CPU
		{40F3CDAA-585D-4F1D-9424-1926400EDF72}.Release|x64.ActiveCfg = Release|Any CPU
		{40F3CDAA-585D-4F1D-9424-1926400EDF72}.Release|x64.Build.0 = Release|Any CPU
		{40F3CDAA-585D-4F1D-9424-1926400EDF72}.Release|x86.ActiveCfg = Release|Any CPU
		{40F3CDAA-585D-4F1D-9424-1926400EDF72}.Release|x86.Build.0 = Release|Any CPU
		{67B47AA4-5F1B-40A8-83CD-EEB411AACFE8}.Debug|Any CPU.ActiveCfg = Debug|Any CPU
		{67B47AA4-5F1B-40A8-83CD-EEB411AACFE8}.Debug|Any CPU.Build.0 = Debug|Any CPU
		{67B47AA4-5F1B-40A8-83CD-EEB411AACFE8}.Debug|x64.ActiveCfg = Debug|Any CPU
		{67B47AA4-5F1B-40A8-83CD-EEB411AACFE8}.Debug|x64.Build.0 = Debug|Any CPU
		{67B47AA4-5F1B-40A8-83CD-EEB411AACFE8}.Debug|x86.ActiveCfg = Debug|Any CPU
		{67B47AA4-5F1B-40A8-83CD-EEB411AACFE8}.Debug|x86.Build.0 = Debug|Any CPU
		{67B47AA4-5F1B-40A8-83CD-EEB411AACFE8}.Release|Any CPU.ActiveCfg = Release|Any CPU
		{67B47AA4-5F1B-40A8-83CD-EEB411AACFE8}.Release|Any CPU.Build.0 = Release|Any CPU
		{67B47AA4-5F1B-40A8-83CD-EEB411AACFE8}.Release|x64.ActiveCfg = Release|Any CPU
		{67B47AA4-5F1B-40A8-83CD-EEB411AACFE8}.Release|x64.Build.0 = Release|Any CPU
		{67B47AA4-5F1B-40A8-83CD-EEB411AACFE8}.Release|x86.ActiveCfg = Release|Any CPU
		{67B47AA4-5F1B-40A8-83CD-EEB411AACFE8}.Release|x86.Build.0 = Release|Any CPU
	EndGlobalSection
	GlobalSection(SolutionProperties) = preSolution
		HideSolutionNode = FALSE
	EndGlobalSection
	GlobalSection(NestedProjects) = preSolution
		{40F3CDAA-585D-4F1D-9424-1926400EDF72} = {D4D983BE-ABCB-416F-BA97-5D7F9B68F946}
		{67B47AA4-5F1B-40A8-83CD-EEB411AACFE8} = {1A2AA11A-4926-4F24-8640-9BA95A2E7C5B}
	EndGlobalSection
	GlobalSection(ExtensibilityGlobals) = postSolution
		SolutionGuid = {4B01DFC1-3B09-495A-B253-53A811698094}
	EndGlobalSection
EndGlobal
